
Microsoft Visual Studio Solution File, Format Version 12.00
# Visual Studio Version 17
VisualStudioVersion = 17.0.32014.148
MinimumVisualStudioVersion = 10.0.40219.1
Project("{9A19103F-16F7-4668-BE54-9A1E7A4F7556}") = "MyTest-eCommerce.API", "MyTest-eCommerce.API\MyTest-eCommerce.API.csproj", "{D1C6BC99-5264-40E5-9704-ECBF5179E5A5}"
EndProject
Project("{9A19103F-16F7-4668-BE54-9A1E7A4F7556}") = "MyTest-eCommerce.Data", "MyTest-eCommerce.Data\MyTest-eCommerce.Data.csproj", "{D53506E1-2346-4579-99C3-5F96ED1B1A32}"
EndProject
Project("{9A19103F-16F7-4668-BE54-9A1E7A4F7556}") = "MyTest-eCommerce.Domain", "MyTest-eCommerce.Domain\MyTest-eCommerce.Domain.csproj", "{73FB7D75-7DB6-4872-97E4-F04E4182F598}"
EndProject
Project("{9A19103F-16F7-4668-BE54-9A1E7A4F7556}") = "MyTest-eCommerce.Tests", "MyTest-eCommerce.Tests\MyTest-eCommerce.Tests.csproj", "{FF35C8E8-51B5-4A18-A6C0-29E10D0FD5B0}"
EndProject
Global
	GlobalSection(SolutionConfigurationPlatforms) = preSolution
		Debug|Any CPU = Debug|Any CPU
		Release|Any CPU = Release|Any CPU
	EndGlobalSection
	GlobalSection(ProjectConfigurationPlatforms) = postSolution
		{D1C6BC99-5264-40E5-9704-ECBF5179E5A5}.Debug|Any CPU.ActiveCfg = Debug|Any CPU
		{D1C6BC99-5264-40E5-9704-ECBF5179E5A5}.Debug|Any CPU.Build.0 = Debug|Any CPU
		{D1C6BC99-5264-40E5-9704-ECBF5179E5A5}.Release|Any CPU.ActiveCfg = Release|Any CPU
		{D1C6BC99-5264-40E5-9704-ECBF5179E5A5}.Release|Any CPU.Build.0 = Release|Any CPU
		{D53506E1-2346-4579-99C3-5F96ED1B1A32}.Debug|Any CPU.ActiveCfg = Debug|Any CPU
		{D53506E1-2346-4579-99C3-5F96ED1B1A32}.Debug|Any CPU.Build.0 = Debug|Any CPU
		{D53506E1-2346-4579-99C3-5F96ED1B1A32}.Release|Any CPU.ActiveCfg = Release|Any CPU
		{D53506E1-2346-4579-99C3-5F96ED1B1A32}.Release|Any CPU.Build.0 = Release|Any CPU
		{73FB7D75-7DB6-4872-97E4-F04E4182F598}.Debug|Any CPU.ActiveCfg = Debug|Any CPU
		{73FB7D75-7DB6-4872-97E4-F04E4182F598}.Debug|Any CPU.Build.0 = Debug|Any CPU
		{73FB7D75-7DB6-4872-97E4-F04E4182F598}.Release|Any CPU.ActiveCfg = Release|Any CPU
		{73FB7D75-7DB6-4872-97E4-F04E4182F598}.Release|Any CPU.Build.0 = Release|Any CPU
		{FF35C8E8-51B5-4A18-A6C0-29E10D0FD5B0}.Debug|Any CPU.ActiveCfg = Debug|Any CPU
		{FF35C8E8-51B5-4A18-A6C0-29E10D0FD5B0}.Debug|Any CPU.Build.0 = Debug|Any CPU
		{FF35C8E8-51B5-4A18-A6C0-29E10D0FD5B0}.Release|Any CPU.ActiveCfg = Release|Any CPU
		{FF35C8E8-51B5-4A18-A6C0-29E10D0FD5B0}.Release|Any CPU.Build.0 = Release|Any CPU
	EndGlobalSection
	GlobalSection(SolutionProperties) = preSolution
		HideSolutionNode = FALSE
	EndGlobalSection
	GlobalSection(ExtensibilityGlobals) = postSolution
		SolutionGuid = {FC098CE7-BD6F-48EE-A64E-88B0C499F1DA}
	EndGlobalSection
EndGlobal
